// !$*UTF8*$!
{
	archiveVersion = 1;
	classes = {
	};
	objectVersion = 54;
	objects = {

/* Begin PBXBuildFile section */
		431375AC2E635F77009A6055 /* SignInViewController.swift in Sources */ = {isa = PBXBuildFile; fileRef = 431375AB2E635F77009A6055 /* SignInViewController.swift */; };
		431375AE2E635F86009A6055 /* RegistrationViewController.swift in Sources */ = {isa = PBXBuildFile; fileRef = 431375AD2E635F86009A6055 /* RegistrationViewController.swift */; };
		431375B02E635FA0009A6055 /* UserProfile.swift in Sources */ = {isa = PBXBuildFile; fileRef = 431375AF2E635FA0009A6055 /* UserProfile.swift */; };
		431375B82E650F25009A6055 /* TweetInteractionView.swift in Sources */ = {isa = PBXBuildFile; fileRef = 431375B72E650F25009A6055 /* TweetInteractionView.swift */; };
		431375BA2E650F31009A6055 /* CommentDisplayView.swift in Sources */ = {isa = PBXBuildFile; fileRef = 431375B92E650F31009A6055 /* CommentDisplayView.swift */; };
		43A32DF91EF0672C004C32DB /* SCNVector3Extensions.swift in Sources */ = {isa = PBXBuildFile; fileRef = 43A32DF81EF0670B004C32DB /* SCNVector3Extensions.swift */; };
		43DC63862E38770100734D1C /* FirebaseAnalytics in Frameworks */ = {isa = PBXBuildFile; productRef = 43DC63852E38770100734D1C /* FirebaseAnalytics */; };
		43DC63882E38770100734D1C /* FirebaseAuth in Frameworks */ = {isa = PBXBuildFile; productRef = 43DC63872E38770100734D1C /* FirebaseAuth */; };
		43DC638A2E38770100734D1C /* FirebaseCore in Frameworks */ = {isa = PBXBuildFile; productRef = 43DC63892E38770100734D1C /* FirebaseCore */; };
		43DC638C2E38770100734D1C /* FirebaseFirestore in Frameworks */ = {isa = PBXBuildFile; productRef = 43DC638B2E38770100734D1C /* FirebaseFirestore */; };
		43DC638E2E39A18C00734D1C /* FirebaseService.swift in Sources */ = {isa = PBXBuildFile; fileRef = 43DC638D2E39A18C00734D1C /* FirebaseService.swift */; };
		43DC63922E39A21500734D1C /* LocationManager.swift in Sources */ = {isa = PBXBuildFile; fileRef = 43DC63912E39A21500734D1C /* LocationManager.swift */; };
		43DC63942E39A24200734D1C /* PersistentTweet.swift in Sources */ = {isa = PBXBuildFile; fileRef = 43DC63932E39A24200734D1C /* PersistentTweet.swift */; };
		43DC63962E39A4A900734D1C /* GoogleService-Info.plist in Resources */ = {isa = PBXBuildFile; fileRef = 43DC63952E39A4A900734D1C /* GoogleService-Info.plist */; };
		43DC63982E39C85E00734D1C /* MiniMapView.swift in Sources */ = {isa = PBXBuildFile; fileRef = 43DC63972E39C85E00734D1C /* MiniMapView.swift */; };
		DC9869581EE8D7BE007DDA39 /* AppDelegate.swift in Sources */ = {isa = PBXBuildFile; fileRef = DC9869571EE8D7BE007DDA39 /* AppDelegate.swift */; };
		DC98695A1EE8D7BE007DDA39 /* art.scnassets in Resources */ = {isa = PBXBuildFile; fileRef = DC9869591EE8D7BE007DDA39 /* art.scnassets */; };
		DC98695C1EE8D7BE007DDA39 /* ViewController.swift in Sources */ = {isa = PBXBuildFile; fileRef = DC98695B1EE8D7BE007DDA39 /* ViewController.swift */; };
		DC98695F1EE8D7BE007DDA39 /* Main.storyboard in Resources */ = {isa = PBXBuildFile; fileRef = DC98695D1EE8D7BE007DDA39 /* Main.storyboard */; };
		DC9869611EE8D7BE007DDA39 /* Assets.xcassets in Resources */ = {isa = PBXBuildFile; fileRef = DC9869601EE8D7BE007DDA39 /* Assets.xcassets */; };
		DC9869641EE8D7BE007DDA39 /* LaunchScreen.storyboard in Resources */ = {isa = PBXBuildFile; fileRef = DC9869621EE8D7BE007DDA39 /* LaunchScreen.storyboard */; };
/* End PBXBuildFile section */

/* Begin PBXFileReference section */
		431375AB2E635F77009A6055 /* SignInViewController.swift */ = {isa = PBXFileReference; lastKnownFileType = sourcecode.swift; path = SignInViewController.swift; sourceTree = "<group>"; };
		431375AD2E635F86009A6055 /* RegistrationViewController.swift */ = {isa = PBXFileReference; lastKnownFileType = sourcecode.swift; path = RegistrationViewController.swift; sourceTree = "<group>"; };
		431375AF2E635FA0009A6055 /* UserProfile.swift */ = {isa = PBXFileReference; lastKnownFileType = sourcecode.swift; path = UserProfile.swift; sourceTree = "<group>"; };
		431375B72E650F25009A6055 /* TweetInteractionView.swift */ = {isa = PBXFileReference; lastKnownFileType = sourcecode.swift; path = TweetInteractionView.swift; sourceTree = "<group>"; };
		431375B92E650F31009A6055 /* CommentDisplayView.swift */ = {isa = PBXFileReference; lastKnownFileType = sourcecode.swift; path = CommentDisplayView.swift; sourceTree = "<group>"; };
		43A32DF81EF0670B004C32DB /* SCNVector3Extensions.swift */ = {isa = PBXFileReference; lastKnownFileType = sourcecode.swift; path = SCNVector3Extensions.swift; sourceTree = "<group>"; };
		43DC638D2E39A18C00734D1C /* FirebaseService.swift */ = {isa = PBXFileReference; lastKnownFileType = sourcecode.swift; path = FirebaseService.swift; sourceTree = "<group>"; };
		43DC63912E39A21500734D1C /* LocationManager.swift */ = {isa = PBXFileReference; lastKnownFileType = sourcecode.swift; path = LocationManager.swift; sourceTree = "<group>"; };
		43DC63932E39A24200734D1C /* PersistentTweet.swift */ = {isa = PBXFileReference; lastKnownFileType = sourcecode.swift; path = PersistentTweet.swift; sourceTree = "<group>"; };
		43DC63952E39A4A900734D1C /* GoogleService-Info.plist */ = {isa = PBXFileReference; lastKnownFileType = text.plist.xml; path = "GoogleService-Info.plist"; sourceTree = "<group>"; };
		43DC63972E39C85E00734D1C /* MiniMapView.swift */ = {isa = PBXFileReference; lastKnownFileType = sourcecode.swift; path = MiniMapView.swift; sourceTree = "<group>"; };
		6A904C028CD1A33C29AB7DFB /* Pods_ARKitDraw.framework */ = {isa = PBXFileReference; explicitFileType = wrapper.framework; includeInIndex = 0; path = Pods_ARKitDraw.framework; sourceTree = BUILT_PRODUCTS_DIR; };
		DC9869541EE8D7BE007DDA39 /* ARKitDraw.app */ = {isa = PBXFileReference; explicitFileType = wrapper.application; includeInIndex = 0; path = ARKitDraw.app; sourceTree = BUILT_PRODUCTS_DIR; };
		DC9869571EE8D7BE007DDA39 /* AppDelegate.swift */ = {isa = PBXFileReference; lastKnownFileType = sourcecode.swift; path = AppDelegate.swift; sourceTree = "<group>"; };
		DC9869591EE8D7BE007DDA39 /* art.scnassets */ = {isa = PBXFileReference; lastKnownFileType = wrapper.scnassets; path = art.scnassets; sourceTree = "<group>"; };
		DC98695B1EE8D7BE007DDA39 /* ViewController.swift */ = {isa = PBXFileReference; lastKnownFileType = sourcecode.swift; path = ViewController.swift; sourceTree = "<group>"; };
		DC98695E1EE8D7BE007DDA39 /* Base */ = {isa = PBXFileReference; lastKnownFileType = file.storyboard; name = Base; path = Base.lproj/Main.storyboard; sourceTree = "<group>"; };
		DC9869601EE8D7BE007DDA39 /* Assets.xcassets */ = {isa = PBXFileReference; lastKnownFileType = folder.assetcatalog; path = Assets.xcassets; sourceTree = "<group>"; };
		DC9869631EE8D7BE007DDA39 /* Base */ = {isa = PBXFileReference; lastKnownFileType = file.storyboard; name = Base; path = Base.lproj/LaunchScreen.storyboard; sourceTree = "<group>"; };
		DC9869651EE8D7BE007DDA39 /* Info.plist */ = {isa = PBXFileReference; lastKnownFileType = text.plist.xml; path = Info.plist; sourceTree = "<group>"; };
/* End PBXFileReference section */

/* Begin PBXFrameworksBuildPhase section */
		DC9869511EE8D7BE007DDA39 /* Frameworks */ = {
			isa = PBXFrameworksBuildPhase;
			buildActionMask = 2147483647;
			files = (
				43DC63862E38770100734D1C /* FirebaseAnalytics in Frameworks */,
				43DC63882E38770100734D1C /* FirebaseAuth in Frameworks */,
				43DC638A2E38770100734D1C /* FirebaseCore in Frameworks */,
				43DC638C2E38770100734D1C /* FirebaseFirestore in Frameworks */,
			);
			runOnlyForDeploymentPostprocessing = 0;
		};
/* End PBXFrameworksBuildPhase section */

/* Begin PBXGroup section */
		4C767B0313263C28E0ADE74E /* Frameworks */ = {
			isa = PBXGroup;
			children = (
				6A904C028CD1A33C29AB7DFB /* Pods_ARKitDraw.framework */,
			);
			name = Frameworks;
			sourceTree = "<group>";
		};
		DC98694B1EE8D7BD007DDA39 = {
			isa = PBXGroup;
			children = (
				DC9869561EE8D7BE007DDA39 /* ARKitDraw */,
				DC9869551EE8D7BE007DDA39 /* Products */,
				4C767B0313263C28E0ADE74E /* Frameworks */,
			);
			sourceTree = "<group>";
		};
		DC9869551EE8D7BE007DDA39 /* Products */ = {
			isa = PBXGroup;
			children = (
				DC9869541EE8D7BE007DDA39 /* ARKitDraw.app */,
			);
			name = Products;
			sourceTree = "<group>";
		};
		DC9869561EE8D7BE007DDA39 /* ARKitDraw */ = {
			isa = PBXGroup;
			children = (
				431375B92E650F31009A6055 /* CommentDisplayView.swift */,
				431375B72E650F25009A6055 /* TweetInteractionView.swift */,
				431375AF2E635FA0009A6055 /* UserProfile.swift */,
				431375AD2E635F86009A6055 /* RegistrationViewController.swift */,
				431375AB2E635F77009A6055 /* SignInViewController.swift */,
				DC9869571EE8D7BE007DDA39 /* AppDelegate.swift */,
				DC9869591EE8D7BE007DDA39 /* art.scnassets */,
				DC98695B1EE8D7BE007DDA39 /* ViewController.swift */,
				43A32DF81EF0670B004C32DB /* SCNVector3Extensions.swift */,
				DC98695D1EE8D7BE007DDA39 /* Main.storyboard */,
				DC9869601EE8D7BE007DDA39 /* Assets.xcassets */,
				DC9869621EE8D7BE007DDA39 /* LaunchScreen.storyboard */,
				DC9869651EE8D7BE007DDA39 /* Info.plist */,
				43DC638D2E39A18C00734D1C /* FirebaseService.swift */,
				43DC63932E39A24200734D1C /* PersistentTweet.swift */,
				43DC63912E39A21500734D1C /* LocationManager.swift */,
				43DC63952E39A4A900734D1C /* GoogleService-Info.plist */,
				43DC63972E39C85E00734D1C /* MiniMapView.swift */,
			);
			path = ARKitDraw;
			sourceTree = "<group>";
		};
/* End PBXGroup section */

/* Begin PBXNativeTarget section */
		DC9869531EE8D7BE007DDA39 /* ARKitDraw */ = {
			isa = PBXNativeTarget;
			buildConfigurationList = DC9869681EE8D7BE007DDA39 /* Build configuration list for PBXNativeTarget "ARKitDraw" */;
			buildPhases = (
				DC9869501EE8D7BE007DDA39 /* Sources */,
				DC9869511EE8D7BE007DDA39 /* Frameworks */,
				DC9869521EE8D7BE007DDA39 /* Resources */,
			);
			buildRules = (
			);
			dependencies = (
			);
			name = ARKitDraw;
			productName = ARKitDraw;
			productReference = DC9869541EE8D7BE007DDA39 /* ARKitDraw.app */;
			productType = "com.apple.product-type.application";
		};
/* End PBXNativeTarget section */

/* Begin PBXProject section */
		DC98694C1EE8D7BD007DDA39 /* Project object */ = {
			isa = PBXProject;
			attributes = {
				LastSwiftUpdateCheck = 0900;
				LastUpgradeCheck = 0900;
				ORGANIZATIONNAME = "Felix Lapalme";
				TargetAttributes = {
					DC9869531EE8D7BE007DDA39 = {
						CreatedOnToolsVersion = 9.0;
					};
				};
			};
			buildConfigurationList = DC98694F1EE8D7BD007DDA39 /* Build configuration list for PBXProject "ARKitDraw" */;
			compatibilityVersion = "Xcode 8.0";
			developmentRegion = en;
			hasScannedForEncodings = 0;
			knownRegions = (
				en,
				Base,
			);
			mainGroup = DC98694B1EE8D7BD007DDA39;
			packageReferences = (
				43DC63842E38770100734D1C /* XCRemoteSwiftPackageReference "firebase-ios-sdk" */,
			);
			productRefGroup = DC9869551EE8D7BE007DDA39 /* Products */;
			projectDirPath = "";
			projectRoot = "";
			targets = (
				DC9869531EE8D7BE007DDA39 /* ARKitDraw */,
			);
		};
/* End PBXProject section */

/* Begin PBXResourcesBuildPhase section */
		DC9869521EE8D7BE007DDA39 /* Resources */ = {
			isa = PBXResourcesBuildPhase;
			buildActionMask = 2147483647;
			files = (
				DC98695A1EE8D7BE007DDA39 /* art.scnassets in Resources */,
				DC9869641EE8D7BE007DDA39 /* LaunchScreen.storyboard in Resources */,
				DC9869611EE8D7BE007DDA39 /* Assets.xcassets in Resources */,
				DC98695F1EE8D7BE007DDA39 /* Main.storyboard in Resources */,
				43DC63962E39A4A900734D1C /* GoogleService-Info.plist in Resources */,
			);
			runOnlyForDeploymentPostprocessing = 0;
		};
/* End PBXResourcesBuildPhase section */

/* Begin PBXSourcesBuildPhase section */
		DC9869501EE8D7BE007DDA39 /* Sources */ = {
			isa = PBXSourcesBuildPhase;
			buildActionMask = 2147483647;
			files = (
				431375AC2E635F77009A6055 /* SignInViewController.swift in Sources */,
				43DC63942E39A24200734D1C /* PersistentTweet.swift in Sources */,
				43A32DF91EF0672C004C32DB /* SCNVector3Extensions.swift in Sources */,
				DC98695C1EE8D7BE007DDA39 /* ViewController.swift in Sources */,
				431375B82E650F25009A6055 /* TweetInteractionView.swift in Sources */,
				431375BA2E650F31009A6055 /* CommentDisplayView.swift in Sources */,
				431375B02E635FA0009A6055 /* UserProfile.swift in Sources */,
				43DC638E2E39A18C00734D1C /* FirebaseService.swift in Sources */,
				43DC63922E39A21500734D1C /* LocationManager.swift in Sources */,
				43DC63982E39C85E00734D1C /* MiniMapView.swift in Sources */,
				431375AE2E635F86009A6055 /* RegistrationViewController.swift in Sources */,
				DC9869581EE8D7BE007DDA39 /* AppDelegate.swift in Sources */,
			);
			runOnlyForDeploymentPostprocessing = 0;
		};
/* End PBXSourcesBuildPhase section */

/* Begin PBXVariantGroup section */
		DC98695D1EE8D7BE007DDA39 /* Main.storyboard */ = {
			isa = PBXVariantGroup;
			children = (
				DC98695E1EE8D7BE007DDA39 /* Base */,
			);
			name = Main.storyboard;
			sourceTree = "<group>";
		};
		DC9869621EE8D7BE007DDA39 /* LaunchScreen.storyboard */ = {
			isa = PBXVariantGroup;
			children = (
				DC9869631EE8D7BE007DDA39 /* Base */,
			);
			name = LaunchScreen.storyboard;
			sourceTree = "<group>";
		};
/* End PBXVariantGroup section */

/* Begin XCBuildConfiguration section */
		DC9869661EE8D7BE007DDA39 /* Debug */ = {
			isa = XCBuildConfiguration;
			buildSettings = {
				ALWAYS_SEARCH_USER_PATHS = NO;
				CLANG_ANALYZER_NONNULL = YES;
				CLANG_ANALYZER_NUMBER_OBJECT_CONVERSION = YES_AGGRESSIVE;
				CLANG_CXX_LANGUAGE_STANDARD = "gnu++14";
				CLANG_CXX_LIBRARY = "libc++";
				CLANG_ENABLE_MODULES = YES;
				CLANG_ENABLE_OBJC_ARC = YES;
				CLANG_WARN_BLOCK_CAPTURE_AUTORELEASING = YES;
				CLANG_WARN_BOOL_CONVERSION = YES;
				CLANG_WARN_COMMA = YES;
				CLANG_WARN_CONSTANT_CONVERSION = YES;
				CLANG_WARN_DIRECT_OBJC_ISA_USAGE = YES_ERROR;
				CLANG_WARN_DOCUMENTATION_COMMENTS = YES;
				CLANG_WARN_EMPTY_BODY = YES;
				CLANG_WARN_ENUM_CONVERSION = YES;
				CLANG_WARN_INFINITE_RECURSION = YES;
				CLANG_WARN_INT_CONVERSION = YES;
				CLANG_WARN_OBJC_ROOT_CLASS = YES_ERROR;
				CLANG_WARN_RANGE_LOOP_ANALYSIS = YES;
				CLANG_WARN_STRICT_PROTOTYPES = YES;
				CLANG_WARN_SUSPICIOUS_MOVE = YES;
				CLANG_WARN_UNGUARDED_AVAILABILITY = YES_AGGRESSIVE;
				CLANG_WARN_UNREACHABLE_CODE = YES;
				CLANG_WARN__DUPLICATE_METHOD_MATCH = YES;
				CODE_SIGN_IDENTITY = "iPhone Developer";
				COPY_PHASE_STRIP = NO;
				DEBUG_INFORMATION_FORMAT = dwarf;
				ENABLE_STRICT_OBJC_MSGSEND = YES;
				ENABLE_TESTABILITY = YES;
				GCC_C_LANGUAGE_STANDARD = gnu11;
				GCC_DYNAMIC_NO_PIC = NO;
				GCC_NO_COMMON_BLOCKS = YES;
				GCC_OPTIMIZATION_LEVEL = 0;
				GCC_PREPROCESSOR_DEFINITIONS = (
					"DEBUG=1",
					"$(inherited)",
				);
				GCC_WARN_64_TO_32_BIT_CONVERSION = YES;
				GCC_WARN_ABOUT_RETURN_TYPE = YES_ERROR;
				GCC_WARN_UNDECLARED_SELECTOR = YES;
				GCC_WARN_UNINITIALIZED_AUTOS = YES_AGGRESSIVE;
				GCC_WARN_UNUSED_FUNCTION = YES;
				GCC_WARN_UNUSED_VARIABLE = YES;
				IPHONEOS_DEPLOYMENT_TARGET = 11.0;
				MTL_ENABLE_DEBUG_INFO = YES;
				ONLY_ACTIVE_ARCH = YES;
				SDKROOT = iphoneos;
				SWIFT_ACTIVE_COMPILATION_CONDITIONS = DEBUG;
				SWIFT_OPTIMIZATION_LEVEL = "-Onone";
			};
			name = Debug;
		};
		DC9869671EE8D7BE007DDA39 /* Release */ = {
			isa = XCBuildConfiguration;
			buildSettings = {
				ALWAYS_SEARCH_USER_PATHS = NO;
				CLANG_ANALYZER_NONNULL = YES;
				CLANG_ANALYZER_NUMBER_OBJECT_CONVERSION = YES_AGGRESSIVE;
				CLANG_CXX_LANGUAGE_STANDARD = "gnu++14";
				CLANG_CXX_LIBRARY = "libc++";
				CLANG_ENABLE_MODULES = YES;
				CLANG_ENABLE_OBJC_ARC = YES;
				CLANG_WARN_BLOCK_CAPTURE_AUTORELEASING = YES;
				CLANG_WARN_BOOL_CONVERSION = YES;
				CLANG_WARN_COMMA = YES;
				CLANG_WARN_CONSTANT_CONVERSION = YES;
				CLANG_WARN_DIRECT_OBJC_ISA_USAGE = YES_ERROR;
				CLANG_WARN_DOCUMENTATION_COMMENTS = YES;
				CLANG_WARN_EMPTY_BODY = YES;
				CLANG_WARN_ENUM_CONVERSION = YES;
				CLANG_WARN_INFINITE_RECURSION = YES;
				CLANG_WARN_INT_CONVERSION = YES;
				CLANG_WARN_OBJC_ROOT_CLASS = YES_ERROR;
				CLANG_WARN_RANGE_LOOP_ANALYSIS = YES;
				CLANG_WARN_STRICT_PROTOTYPES = YES;
				CLANG_WARN_SUSPICIOUS_MOVE = YES;
				CLANG_WARN_UNGUARDED_AVAILABILITY = YES_AGGRESSIVE;
				CLANG_WARN_UNREACHABLE_CODE = YES;
				CLANG_WARN__DUPLICATE_METHOD_MATCH = YES;
				CODE_SIGN_IDENTITY = "iPhone Developer";
				COPY_PHASE_STRIP = NO;
				DEBUG_INFORMATION_FORMAT = "dwarf-with-dsym";
				ENABLE_NS_ASSERTIONS = NO;
				ENABLE_STRICT_OBJC_MSGSEND = YES;
				GCC_C_LANGUAGE_STANDARD = gnu11;
				GCC_NO_COMMON_BLOCKS = YES;
				GCC_WARN_64_TO_32_BIT_CONVERSION = YES;
				GCC_WARN_ABOUT_RETURN_TYPE = YES_ERROR;
				GCC_WARN_UNDECLARED_SELECTOR = YES;
				GCC_WARN_UNINITIALIZED_AUTOS = YES_AGGRESSIVE;
				GCC_WARN_UNUSED_FUNCTION = YES;
				GCC_WARN_UNUSED_VARIABLE = YES;
				IPHONEOS_DEPLOYMENT_TARGET = 11.0;
				MTL_ENABLE_DEBUG_INFO = NO;
				SDKROOT = iphoneos;
				SWIFT_COMPILATION_MODE = wholemodule;
				SWIFT_OPTIMIZATION_LEVEL = "-O";
				VALIDATE_PRODUCT = YES;
			};
			name = Release;
		};
		DC9869691EE8D7BE007DDA39 /* Debug */ = {
			isa = XCBuildConfiguration;
			buildSettings = {
				ASSETCATALOG_COMPILER_APPICON_NAME = AppIcon;
				DEVELOPMENT_TEAM = YR95PYUMV2;
				INFOPLIST_FILE = ARKitDraw/Info.plist;
				IPHONEOS_DEPLOYMENT_TARGET = 15.6;
				LD_RUNPATH_SEARCH_PATHS = (
					"$(inherited)",
					"@executable_path/Frameworks",
				);
				PRODUCT_BUNDLE_IDENTIFIER = com.Jojo.ARKitDraw;
				PRODUCT_NAME = "$(TARGET_NAME)";
				SWIFT_VERSION = 4.0;
				TARGETED_DEVICE_FAMILY = "1,2";
			};
			name = Debug;
		};
		DC98696A1EE8D7BE007DDA39 /* Release */ = {
			isa = XCBuildConfiguration;
			buildSettings = {
				ASSETCATALOG_COMPILER_APPICON_NAME = AppIcon;
				DEVELOPMENT_TEAM = YR95PYUMV2;
				INFOPLIST_FILE = ARKitDraw/Info.plist;
				IPHONEOS_DEPLOYMENT_TARGET = 15.6;
				LD_RUNPATH_SEARCH_PATHS = (
					"$(inherited)",
					"@executable_path/Frameworks",
				);
				PRODUCT_BUNDLE_IDENTIFIER = com.Jojo.ARKitDraw;
				PRODUCT_NAME = "$(TARGET_NAME)";
				SWIFT_VERSION = 4.0;
				TARGETED_DEVICE_FAMILY = "1,2";
			};
			name = Release;
		};
/* End XCBuildConfiguration section */

/* Begin XCConfigurationList section */
		DC98694F1EE8D7BD007DDA39 /* Build configuration list for PBXProject "ARKitDraw" */ = {
			isa = XCConfigurationList;
			buildConfigurations = (
				DC9869661EE8D7BE007DDA39 /* Debug */,
				DC9869671EE8D7BE007DDA39 /* Release */,
			);
			defaultConfigurationIsVisible = 0;
			defaultConfigurationName = Release;
		};
		DC9869681EE8D7BE007DDA39 /* Build configuration list for PBXNativeTarget "ARKitDraw" */ = {
			isa = XCConfigurationList;
			buildConfigurations = (
				DC9869691EE8D7BE007DDA39 /* Debug */,
				DC98696A1EE8D7BE007DDA39 /* Release */,
			);
			defaultConfigurationIsVisible = 0;
			defaultConfigurationName = Release;
		};
/* End XCConfigurationList section */

/* Begin XCRemoteSwiftPackageReference section */
		43DC63842E38770100734D1C /* XCRemoteSwiftPackageReference "firebase-ios-sdk" */ = {
			isa = XCRemoteSwiftPackageReference;
			repositoryURL = "https://github.com/firebase/firebase-ios-sdk";
			requirement = {
				kind = upToNextMajorVersion;
				minimumVersion = 12.0.0;
			};
		};
/* End XCRemoteSwiftPackageReference section */

/* Begin XCSwiftPackageProductDependency section */
		43DC63852E38770100734D1C /* FirebaseAnalytics */ = {
			isa = XCSwiftPackageProductDependency;
			package = 43DC63842E38770100734D1C /* XCRemoteSwiftPackageReference "firebase-ios-sdk" */;
			productName = FirebaseAnalytics;
		};
		43DC63872E38770100734D1C /* FirebaseAuth */ = {
			isa = XCSwiftPackageProductDependency;
			package = 43DC63842E38770100734D1C /* XCRemoteSwiftPackageReference "firebase-ios-sdk" */;
			productName = FirebaseAuth;
		};
		43DC63892E38770100734D1C /* FirebaseCore */ = {
			isa = XCSwiftPackageProductDependency;
			package = 43DC63842E38770100734D1C /* XCRemoteSwiftPackageReference "firebase-ios-sdk" */;
			productName = FirebaseCore;
		};
		43DC638B2E38770100734D1C /* FirebaseFirestore */ = {
			isa = XCSwiftPackageProductDependency;
			package = 43DC63842E38770100734D1C /* XCRemoteSwiftPackageReference "firebase-ios-sdk" */;
			productName = FirebaseFirestore;
		};
/* End XCSwiftPackageProductDependency section */
	};
	rootObject = DC98694C1EE8D7BD007DDA39 /* Project object */;
}
